// !$*UTF8*$!
{
	archiveVersion = 1;
	classes = {
	};
	objectVersion = 50;
	objects = {

/* Begin PBXBuildFile section */
		492C7816267A69A20018D5D9 /* String+AddText.swift in Sources */ = {isa = PBXBuildFile; fileRef = 492C7815267A69A20018D5D9 /* String+AddText.swift */; };
		4938AA5A266E464D0030AB1F /* AppDelegate.swift in Sources */ = {isa = PBXBuildFile; fileRef = 4938AA59266E464D0030AB1F /* AppDelegate.swift */; };
		4938AA5C266E464D0030AB1F /* SceneDelegate.swift in Sources */ = {isa = PBXBuildFile; fileRef = 4938AA5B266E464D0030AB1F /* SceneDelegate.swift */; };
		4938AA5E266E464D0030AB1F /* CurrentLocationViewController.swift in Sources */ = {isa = PBXBuildFile; fileRef = 4938AA5D266E464D0030AB1F /* CurrentLocationViewController.swift */; };
		4938AA61266E464D0030AB1F /* Main.storyboard in Resources */ = {isa = PBXBuildFile; fileRef = 4938AA5F266E464D0030AB1F /* Main.storyboard */; };
		4938AA64266E464D0030AB1F /* MyLocations.xcdatamodeld in Sources */ = {isa = PBXBuildFile; fileRef = 4938AA62266E464D0030AB1F /* MyLocations.xcdatamodeld */; };
		4938AA66266E46520030AB1F /* Assets.xcassets in Resources */ = {isa = PBXBuildFile; fileRef = 4938AA65266E46520030AB1F /* Assets.xcassets */; };
		4938AA69266E46520030AB1F /* LaunchScreen.storyboard in Resources */ = {isa = PBXBuildFile; fileRef = 4938AA67266E46520030AB1F /* LaunchScreen.storyboard */; };
		494F11B8267A3D1F0060F5DB /* UIImage+Resize.swift in Sources */ = {isa = PBXBuildFile; fileRef = 494F11B7267A3D1F0060F5DB /* UIImage+Resize.swift */; };
		4953D3342673B88200B374CF /* LocationDetailsViewController.swift in Sources */ = {isa = PBXBuildFile; fileRef = 4953D3332673B88200B374CF /* LocationDetailsViewController.swift */; };
		4953D3372673E94700B374CF /* CategoryPickerViewController.swift in Sources */ = {isa = PBXBuildFile; fileRef = 4953D3362673E94700B374CF /* CategoryPickerViewController.swift */; };
		495742612677D520008675A1 /* MapViewController.swift in Sources */ = {isa = PBXBuildFile; fileRef = 495742602677D520008675A1 /* MapViewController.swift */; };
		4964D0CF2674E0F800DB7F00 /* HudView.swift in Sources */ = {isa = PBXBuildFile; fileRef = 4964D0CE2674E0F800DB7F00 /* HudView.swift */; };
		4964D0D2267528DD00DB7F00 /* Functions.swift in Sources */ = {isa = PBXBuildFile; fileRef = 4964D0D1267528DD00DB7F00 /* Functions.swift */; };
		49EE848826760CC4009E7349 /* Location+CoreDataClass.swift in Sources */ = {isa = PBXBuildFile; fileRef = 49EE848626760CC4009E7349 /* Location+CoreDataClass.swift */; };
		49EE848926760CC4009E7349 /* Location+CoreDataProperties.swift in Sources */ = {isa = PBXBuildFile; fileRef = 49EE848726760CC4009E7349 /* Location+CoreDataProperties.swift */; };
		49EE848C26762D74009E7349 /* LocationsViewController.swift in Sources */ = {isa = PBXBuildFile; fileRef = 49EE848B26762D74009E7349 /* LocationsViewController.swift */; };
		49EE84932676334D009E7349 /* LocationCell.swift in Sources */ = {isa = PBXBuildFile; fileRef = 49EE84922676334D009E7349 /* LocationCell.swift */; };
/* End PBXBuildFile section */

/* Begin PBXFileReference section */
		492C7815267A69A20018D5D9 /* String+AddText.swift */ = {isa = PBXFileReference; lastKnownFileType = sourcecode.swift; path = "String+AddText.swift"; sourceTree = "<group>"; };
		4938AA56266E464D0030AB1F /* MyLocations.app */ = {isa = PBXFileReference; explicitFileType = wrapper.application; includeInIndex = 0; path = MyLocations.app; sourceTree = BUILT_PRODUCTS_DIR; };
		4938AA59266E464D0030AB1F /* AppDelegate.swift */ = {isa = PBXFileReference; lastKnownFileType = sourcecode.swift; path = AppDelegate.swift; sourceTree = "<group>"; };
		4938AA5B266E464D0030AB1F /* SceneDelegate.swift */ = {isa = PBXFileReference; lastKnownFileType = sourcecode.swift; path = SceneDelegate.swift; sourceTree = "<group>"; };
		4938AA5D266E464D0030AB1F /* CurrentLocationViewController.swift */ = {isa = PBXFileReference; lastKnownFileType = sourcecode.swift; path = CurrentLocationViewController.swift; sourceTree = "<group>"; xcLanguageSpecificationIdentifier = xcode.lang.swift; };
		4938AA60266E464D0030AB1F /* Base */ = {isa = PBXFileReference; lastKnownFileType = file.storyboard; name = Base; path = Base.lproj/Main.storyboard; sourceTree = "<group>"; };
		4938AA63266E464D0030AB1F /* MyLocations.xcdatamodel */ = {isa = PBXFileReference; lastKnownFileType = wrapper.xcdatamodel; path = MyLocations.xcdatamodel; sourceTree = "<group>"; };
		4938AA65266E46520030AB1F /* Assets.xcassets */ = {isa = PBXFileReference; lastKnownFileType = folder.assetcatalog; path = Assets.xcassets; sourceTree = "<group>"; };
		4938AA68266E46520030AB1F /* Base */ = {isa = PBXFileReference; lastKnownFileType = file.storyboard; name = Base; path = Base.lproj/LaunchScreen.storyboard; sourceTree = "<group>"; };
		4938AA6A266E46520030AB1F /* Info.plist */ = {isa = PBXFileReference; lastKnownFileType = text.plist.xml; path = Info.plist; sourceTree = "<group>"; };
		494F11B7267A3D1F0060F5DB /* UIImage+Resize.swift */ = {isa = PBXFileReference; lastKnownFileType = sourcecode.swift; path = "UIImage+Resize.swift"; sourceTree = "<group>"; };
		4953D3332673B88200B374CF /* LocationDetailsViewController.swift */ = {isa = PBXFileReference; lastKnownFileType = sourcecode.swift; path = LocationDetailsViewController.swift; sourceTree = "<group>"; };
		4953D3362673E94700B374CF /* CategoryPickerViewController.swift */ = {isa = PBXFileReference; lastKnownFileType = sourcecode.swift; path = CategoryPickerViewController.swift; sourceTree = "<group>"; };
		495742602677D520008675A1 /* MapViewController.swift */ = {isa = PBXFileReference; lastKnownFileType = sourcecode.swift; path = MapViewController.swift; sourceTree = "<group>"; };
		4964D0CE2674E0F800DB7F00 /* HudView.swift */ = {isa = PBXFileReference; lastKnownFileType = sourcecode.swift; path = HudView.swift; sourceTree = "<group>"; };
		4964D0D1267528DD00DB7F00 /* Functions.swift */ = {isa = PBXFileReference; lastKnownFileType = sourcecode.swift; path = Functions.swift; sourceTree = "<group>"; };
		49EE848626760CC4009E7349 /* Location+CoreDataClass.swift */ = {isa = PBXFileReference; lastKnownFileType = sourcecode.swift; path = "Location+CoreDataClass.swift"; sourceTree = "<group>"; };
		49EE848726760CC4009E7349 /* Location+CoreDataProperties.swift */ = {isa = PBXFileReference; lastKnownFileType = sourcecode.swift; path = "Location+CoreDataProperties.swift"; sourceTree = "<group>"; };
		49EE848B26762D74009E7349 /* LocationsViewController.swift */ = {isa = PBXFileReference; lastKnownFileType = sourcecode.swift; path = LocationsViewController.swift; sourceTree = "<group>"; };
		49EE84922676334D009E7349 /* LocationCell.swift */ = {isa = PBXFileReference; lastKnownFileType = sourcecode.swift; path = LocationCell.swift; sourceTree = "<group>"; };
/* End PBXFileReference section */

/* Begin PBXFrameworksBuildPhase section */
		4938AA53266E464D0030AB1F /* Frameworks */ = {
			isa = PBXFrameworksBuildPhase;
			buildActionMask = 2147483647;
			files = (
			);
			runOnlyForDeploymentPostprocessing = 0;
		};
/* End PBXFrameworksBuildPhase section */

/* Begin PBXGroup section */
		4938AA4D266E464D0030AB1F = {
			isa = PBXGroup;
			children = (
				49EE848626760CC4009E7349 /* Location+CoreDataClass.swift */,
				49EE848726760CC4009E7349 /* Location+CoreDataProperties.swift */,
				4938AA58266E464D0030AB1F /* MyLocations */,
				4938AA57266E464D0030AB1F /* Products */,
			);
			sourceTree = "<group>";
		};
		4938AA57266E464D0030AB1F /* Products */ = {
			isa = PBXGroup;
			children = (
				4938AA56266E464D0030AB1F /* MyLocations.app */,
			);
			name = Products;
			sourceTree = "<group>";
		};
		4938AA58266E464D0030AB1F /* MyLocations */ = {
			isa = PBXGroup;
			children = (
				4938AA59266E464D0030AB1F /* AppDelegate.swift */,
				4938AA5B266E464D0030AB1F /* SceneDelegate.swift */,
				4938AA5D266E464D0030AB1F /* CurrentLocationViewController.swift */,
				4938AA5F266E464D0030AB1F /* Main.storyboard */,
				4938AA65266E46520030AB1F /* Assets.xcassets */,
				4938AA67266E46520030AB1F /* LaunchScreen.storyboard */,
				4938AA6A266E46520030AB1F /* Info.plist */,
				4938AA62266E464D0030AB1F /* MyLocations.xcdatamodeld */,
				4953D3332673B88200B374CF /* LocationDetailsViewController.swift */,
				4953D3362673E94700B374CF /* CategoryPickerViewController.swift */,
				4964D0CE2674E0F800DB7F00 /* HudView.swift */,
				4964D0D1267528DD00DB7F00 /* Functions.swift */,
				49EE848B26762D74009E7349 /* LocationsViewController.swift */,
				49EE84922676334D009E7349 /* LocationCell.swift */,
				495742602677D520008675A1 /* MapViewController.swift */,
				494F11B7267A3D1F0060F5DB /* UIImage+Resize.swift */,
				492C7815267A69A20018D5D9 /* String+AddText.swift */,
			);
			path = MyLocations;
			sourceTree = "<group>";
		};
/* End PBXGroup section */

/* Begin PBXNativeTarget section */
		4938AA55266E464D0030AB1F /* MyLocations */ = {
			isa = PBXNativeTarget;
			buildConfigurationList = 4938AA6D266E46520030AB1F /* Build configuration list for PBXNativeTarget "MyLocations" */;
			buildPhases = (
				4938AA52266E464D0030AB1F /* Sources */,
				4938AA53266E464D0030AB1F /* Frameworks */,
				4938AA54266E464D0030AB1F /* Resources */,
			);
			buildRules = (
			);
			dependencies = (
			);
			name = MyLocations;
			productName = MyLocations;
			productReference = 4938AA56266E464D0030AB1F /* MyLocations.app */;
			productType = "com.apple.product-type.application";
		};
/* End PBXNativeTarget section */

/* Begin PBXProject section */
		4938AA4E266E464D0030AB1F /* Project object */ = {
			isa = PBXProject;
			attributes = {
				LastSwiftUpdateCheck = 1240;
				LastUpgradeCheck = 1240;
				TargetAttributes = {
					4938AA55266E464D0030AB1F = {
						CreatedOnToolsVersion = 12.4;
					};
				};
			};
			buildConfigurationList = 4938AA51266E464D0030AB1F /* Build configuration list for PBXProject "MyLocations" */;
			compatibilityVersion = "Xcode 9.3";
			developmentRegion = en;
			hasScannedForEncodings = 0;
			knownRegions = (
				en,
				Base,
			);
			mainGroup = 4938AA4D266E464D0030AB1F;
			productRefGroup = 4938AA57266E464D0030AB1F /* Products */;
			projectDirPath = "";
			projectRoot = "";
			targets = (
				4938AA55266E464D0030AB1F /* MyLocations */,
			);
		};
/* End PBXProject section */

/* Begin PBXResourcesBuildPhase section */
		4938AA54266E464D0030AB1F /* Resources */ = {
			isa = PBXResourcesBuildPhase;
			buildActionMask = 2147483647;
			files = (
				4938AA69266E46520030AB1F /* LaunchScreen.storyboard in Resources */,
				4938AA66266E46520030AB1F /* Assets.xcassets in Resources */,
				4938AA61266E464D0030AB1F /* Main.storyboard in Resources */,
			);
			runOnlyForDeploymentPostprocessing = 0;
		};
/* End PBXResourcesBuildPhase section */

/* Begin PBXSourcesBuildPhase section */
		4938AA52266E464D0030AB1F /* Sources */ = {
			isa = PBXSourcesBuildPhase;
			buildActionMask = 2147483647;
			files = (
				4953D3372673E94700B374CF /* CategoryPickerViewController.swift in Sources */,
				4938AA5E266E464D0030AB1F /* CurrentLocationViewController.swift in Sources */,
				4938AA5A266E464D0030AB1F /* AppDelegate.swift in Sources */,
				4964D0D2267528DD00DB7F00 /* Functions.swift in Sources */,
				49EE848C26762D74009E7349 /* LocationsViewController.swift in Sources */,
				49EE848926760CC4009E7349 /* Location+CoreDataProperties.swift in Sources */,
				495742612677D520008675A1 /* MapViewController.swift in Sources */,
				494F11B8267A3D1F0060F5DB /* UIImage+Resize.swift in Sources */,
				49EE84932676334D009E7349 /* LocationCell.swift in Sources */,
				4938AA64266E464D0030AB1F /* MyLocations.xcdatamodeld in Sources */,
				4938AA5C266E464D0030AB1F /* SceneDelegate.swift in Sources */,
				49EE848826760CC4009E7349 /* Location+CoreDataClass.swift in Sources */,
				492C7816267A69A20018D5D9 /* String+AddText.swift in Sources */,
				4964D0CF2674E0F800DB7F00 /* HudView.swift in Sources */,
				4953D3342673B88200B374CF /* LocationDetailsViewController.swift in Sources */,
			);
			runOnlyForDeploymentPostprocessing = 0;
		};
/* End PBXSourcesBuildPhase section */

/* Begin PBXVariantGroup section */
		4938AA5F266E464D0030AB1F /* Main.storyboard */ = {
			isa = PBXVariantGroup;
			children = (
				4938AA60266E464D0030AB1F /* Base */,
			);
			name = Main.storyboard;
			sourceTree = "<group>";
		};
		4938AA67266E46520030AB1F /* LaunchScreen.storyboard */ = {
			isa = PBXVariantGroup;
			children = (
				4938AA68266E46520030AB1F /* Base */,
			);
			name = LaunchScreen.storyboard;
			sourceTree = "<group>";
		};
/* End PBXVariantGroup section */

/* Begin XCBuildConfiguration section */
		4938AA6B266E46520030AB1F /* Debug */ = {
			isa = XCBuildConfiguration;
			buildSettings = {
				ALWAYS_SEARCH_USER_PATHS = NO;
				CLANG_ANALYZER_NONNULL = YES;
				CLANG_ANALYZER_NUMBER_OBJECT_CONVERSION = YES_AGGRESSIVE;
				CLANG_CXX_LANGUAGE_STANDARD = "gnu++14";
				CLANG_CXX_LIBRARY = "libc++";
				CLANG_ENABLE_MODULES = YES;
				CLANG_ENABLE_OBJC_ARC = YES;
				CLANG_ENABLE_OBJC_WEAK = YES;
				CLANG_WARN_BLOCK_CAPTURE_AUTORELEASING = YES;
				CLANG_WARN_BOOL_CONVERSION = YES;
				CLANG_WARN_COMMA = YES;
				CLANG_WARN_CONSTANT_CONVERSION = YES;
				CLANG_WARN_DEPRECATED_OBJC_IMPLEMENTATIONS = YES;
				CLANG_WARN_DIRECT_OBJC_ISA_USAGE = YES_ERROR;
				CLANG_WARN_DOCUMENTATION_COMMENTS = YES;
				CLANG_WARN_EMPTY_BODY = YES;
				CLANG_WARN_ENUM_CONVERSION = YES;
				CLANG_WARN_INFINITE_RECURSION = YES;
				CLANG_WARN_INT_CONVERSION = YES;
				CLANG_WARN_NON_LITERAL_NULL_CONVERSION = YES;
				CLANG_WARN_OBJC_IMPLICIT_RETAIN_SELF = YES;
				CLANG_WARN_OBJC_LITERAL_CONVERSION = YES;
				CLANG_WARN_OBJC_ROOT_CLASS = YES_ERROR;
				CLANG_WARN_QUOTED_INCLUDE_IN_FRAMEWORK_HEADER = YES;
				CLANG_WARN_RANGE_LOOP_ANALYSIS = YES;
				CLANG_WARN_STRICT_PROTOTYPES = YES;
				CLANG_WARN_SUSPICIOUS_MOVE = YES;
				CLANG_WARN_UNGUARDED_AVAILABILITY = YES_AGGRESSIVE;
				CLANG_WARN_UNREACHABLE_CODE = YES;
				CLANG_WARN__DUPLICATE_METHOD_MATCH = YES;
				COPY_PHASE_STRIP = NO;
				DEBUG_INFORMATION_FORMAT = dwarf;
				ENABLE_STRICT_OBJC_MSGSEND = YES;
				ENABLE_TESTABILITY = YES;
				GCC_C_LANGUAGE_STANDARD = gnu11;
				GCC_DYNAMIC_NO_PIC = NO;
				GCC_NO_COMMON_BLOCKS = YES;
				GCC_OPTIMIZATION_LEVEL = 0;
				GCC_PREPROCESSOR_DEFINITIONS = (
					"DEBUG=1",
					"$(inherited)",
				);
				GCC_WARN_64_TO_32_BIT_CONVERSION = YES;
				GCC_WARN_ABOUT_RETURN_TYPE = YES_ERROR;
				GCC_WARN_UNDECLARED_SELECTOR = YES;
				GCC_WARN_UNINITIALIZED_AUTOS = YES_AGGRESSIVE;
				GCC_WARN_UNUSED_FUNCTION = YES;
				GCC_WARN_UNUSED_VARIABLE = YES;
				IPHONEOS_DEPLOYMENT_TARGET = 14.4;
				MTL_ENABLE_DEBUG_INFO = INCLUDE_SOURCE;
				MTL_FAST_MATH = YES;
				ONLY_ACTIVE_ARCH = YES;
				SDKROOT = iphoneos;
				SWIFT_ACTIVE_COMPILATION_CONDITIONS = DEBUG;
				SWIFT_OPTIMIZATION_LEVEL = "-Onone";
			};
			name = Debug;
		};
		4938AA6C266E46520030AB1F /* Release */ = {
			isa = XCBuildConfiguration;
			buildSettings = {
				ALWAYS_SEARCH_USER_PATHS = NO;
				CLANG_ANALYZER_NONNULL = YES;
				CLANG_ANALYZER_NUMBER_OBJECT_CONVERSION = YES_AGGRESSIVE;
				CLANG_CXX_LANGUAGE_STANDARD = "gnu++14";
				CLANG_CXX_LIBRARY = "libc++";
				CLANG_ENABLE_MODULES = YES;
				CLANG_ENABLE_OBJC_ARC = YES;
				CLANG_ENABLE_OBJC_WEAK = YES;
				CLANG_WARN_BLOCK_CAPTURE_AUTORELEASING = YES;
				CLANG_WARN_BOOL_CONVERSION = YES;
				CLANG_WARN_COMMA = YES;
				CLANG_WARN_CONSTANT_CONVERSION = YES;
				CLANG_WARN_DEPRECATED_OBJC_IMPLEMENTATIONS = YES;
				CLANG_WARN_DIRECT_OBJC_ISA_USAGE = YES_ERROR;
				CLANG_WARN_DOCUMENTATION_COMMENTS = YES;
				CLANG_WARN_EMPTY_BODY = YES;
				CLANG_WARN_ENUM_CONVERSION = YES;
				CLANG_WARN_INFINITE_RECURSION = YES;
				CLANG_WARN_INT_CONVERSION = YES;
				CLANG_WARN_NON_LITERAL_NULL_CONVERSION = YES;
				CLANG_WARN_OBJC_IMPLICIT_RETAIN_SELF = YES;
				CLANG_WARN_OBJC_LITERAL_CONVERSION = YES;
				CLANG_WARN_OBJC_ROOT_CLASS = YES_ERROR;
				CLANG_WARN_QUOTED_INCLUDE_IN_FRAMEWORK_HEADER = YES;
				CLANG_WARN_RANGE_LOOP_ANALYSIS = YES;
				CLANG_WARN_STRICT_PROTOTYPES = YES;
				CLANG_WARN_SUSPICIOUS_MOVE = YES;
				CLANG_WARN_UNGUARDED_AVAILABILITY = YES_AGGRESSIVE;
				CLANG_WARN_UNREACHABLE_CODE = YES;
				CLANG_WARN__DUPLICATE_METHOD_MATCH = YES;
				COPY_PHASE_STRIP = NO;
				DEBUG_INFORMATION_FORMAT = "dwarf-with-dsym";
				ENABLE_NS_ASSERTIONS = NO;
				ENABLE_STRICT_OBJC_MSGSEND = YES;
				GCC_C_LANGUAGE_STANDARD = gnu11;
				GCC_NO_COMMON_BLOCKS = YES;
				GCC_WARN_64_TO_32_BIT_CONVERSION = YES;
				GCC_WARN_ABOUT_RETURN_TYPE = YES_ERROR;
				GCC_WARN_UNDECLARED_SELECTOR = YES;
				GCC_WARN_UNINITIALIZED_AUTOS = YES_AGGRESSIVE;
				GCC_WARN_UNUSED_FUNCTION = YES;
				GCC_WARN_UNUSED_VARIABLE = YES;
				IPHONEOS_DEPLOYMENT_TARGET = 14.4;
				MTL_ENABLE_DEBUG_INFO = NO;
				MTL_FAST_MATH = YES;
				SDKROOT = iphoneos;
				SWIFT_COMPILATION_MODE = wholemodule;
				SWIFT_OPTIMIZATION_LEVEL = "-O";
				VALIDATE_PRODUCT = YES;
			};
			name = Release;
		};
		4938AA6E266E46520030AB1F /* Debug */ = {
			isa = XCBuildConfiguration;
			buildSettings = {
				ASSETCATALOG_COMPILER_APPICON_NAME = AppIcon;
				ASSETCATALOG_COMPILER_GLOBAL_ACCENT_COLOR_NAME = AccentColor;
				CODE_SIGN_STYLE = Automatic;
				INFOPLIST_FILE = MyLocations/Info.plist;
				LD_RUNPATH_SEARCH_PATHS = (
					"$(inherited)",
					"@executable_path/Frameworks",
				);
				PRODUCT_BUNDLE_IDENTIFIER = com.vonahkmahs.MyLocations;
				PRODUCT_NAME = "$(TARGET_NAME)";
				SWIFT_VERSION = 5.0;
				TARGETED_DEVICE_FAMILY = "1,2";
			};
			name = Debug;
		};
		4938AA6F266E46520030AB1F /* Release */ = {
			isa = XCBuildConfiguration;
			buildSettings = {
				ASSETCATALOG_COMPILER_APPICON_NAME = AppIcon;
				ASSETCATALOG_COMPILER_GLOBAL_ACCENT_COLOR_NAME = AccentColor;
				CODE_SIGN_STYLE = Automatic;
				INFOPLIST_FILE = MyLocations/Info.plist;
				LD_RUNPATH_SEARCH_PATHS = (
					"$(inherited)",
					"@executable_path/Frameworks",
				);
				PRODUCT_BUNDLE_IDENTIFIER = com.vonahkmahs.MyLocations;
				PRODUCT_NAME = "$(TARGET_NAME)";
				SWIFT_VERSION = 5.0;
				TARGETED_DEVICE_FAMILY = "1,2";
			};
			name = Release;
		};
/* End XCBuildConfiguration section */

/* Begin XCConfigurationList section */
		4938AA51266E464D0030AB1F /* Build configuration list for PBXProject "MyLocations" */ = {
			isa = XCConfigurationList;
			buildConfigurations = (
				4938AA6B266E46520030AB1F /* Debug */,
				4938AA6C266E46520030AB1F /* Release */,
			);
			defaultConfigurationIsVisible = 0;
			defaultConfigurationName = Release;
		};
		4938AA6D266E46520030AB1F /* Build configuration list for PBXNativeTarget "MyLocations" */ = {
			isa = XCConfigurationList;
			buildConfigurations = (
				4938AA6E266E46520030AB1F /* Debug */,
				4938AA6F266E46520030AB1F /* Release */,
			);
			defaultConfigurationIsVisible = 0;
			defaultConfigurationName = Release;
		};
/* End XCConfigurationList section */

/* Begin XCVersionGroup section */
		4938AA62266E464D0030AB1F /* MyLocations.xcdatamodeld */ = {
			isa = XCVersionGroup;
			children = (
				4938AA63266E464D0030AB1F /* MyLocations.xcdatamodel */,
			);
			currentVersion = 4938AA63266E464D0030AB1F /* MyLocations.xcdatamodel */;
			path = MyLocations.xcdatamodeld;
			sourceTree = "<group>";
			versionGroupType = wrapper.xcdatamodel;
		};
/* End XCVersionGroup section */
	};
	rootObject = 4938AA4E266E464D0030AB1F /* Project object */;
}
